<?xml version="1.0" encoding="utf-8"?>
<Project ToolsVersion="4.0" xmlns:atg="http://atg.xbox.com" xmlns="http://schemas.microsoft.com/developer/msbuild/2003">
  <ItemGroup>
    <Filter Include="Assets">
      <UniqueIdentifier>{ed0b04a6-fecd-4a2c-a462-59a8f4639f36}</UniqueIdentifier>
    </Filter>
    <Filter Include="Resource Files">
      <UniqueIdentifier>{8e114980-c1a3-4ada-ad7c-83caadf5daeb}</UniqueIdentifier>
      <Extensions>rc;ico;cur;bmp;dlg;rc2;rct;bin;rgs;gif;jpg;jpeg;jpe</Extensions>
    </Filter>
    <Filter Include="Assets\modelData">
      <UniqueIdentifier>{06086914-6aa4-4cad-9b07-6f9d357f04df}</UniqueIdentifier>
    </Filter>
    <Filter Include="Assets\sprite">
      <UniqueIdentifier>{a6ce300a-b532-440d-b914-b4661d3015ad}</UniqueIdentifier>
    </Filter>
    <Filter Include="Assets\shader">
      <UniqueIdentifier>{a961ab0f-689c-4adf-940a-ffea33655653}</UniqueIdentifier>
    </Filter>
    <Filter Include="Assets\font">
      <UniqueIdentifier>{9ce24419-5cae-4de8-84f5-336ce6bdb0e1}</UniqueIdentifier>
    </Filter>
    <Filter Include="Assets\animData">
      <UniqueIdentifier>{8febfab2-0b65-4b9f-b760-6ce9f75f8996}</UniqueIdentifier>
    </Filter>
    <Filter Include="Assets\effect">
      <UniqueIdentifier>{1c857c33-6d78-4b5b-816e-7ceb45a3e389}</UniqueIdentifier>
    </Filter>
    <Filter Include="Assets\effect\Texture">
      <UniqueIdentifier>{8b31e80d-a444-4ef6-a616-be60a9d00e35}</UniqueIdentifier>
    </Filter>
    <Filter Include="Assets\level">
      <UniqueIdentifier>{e1fe0a69-38ee-47b0-b7f9-6252eccd4904}</UniqueIdentifier>
    </Filter>
  </ItemGroup>
  <ItemGroup>
    <ClCompile Include="main.cpp" />
    <ClCompile Include="stdafx.cpp" />
    <ClCompile Include="Game.cpp" />
    <ClCompile Include="Fade.cpp" />
    <ClCompile Include="Title.cpp" />
    <ClCompile Include="Test.cpp" />
    <ClCompile Include="NPC.cpp" />
    <ClCompile Include="Background.cpp" />
    <ClCompile Include="Player.cpp" />
    <ClCompile Include="GameCamera.cpp" />
    <ClCompile Include="Level.cpp" />
    <ClCompile Include="MapChip.cpp" />
    <ClCompile Include="GameClear.cpp" />
    <ClCompile Include="StageSeni.cpp" />
    <ClCompile Include="NpcMove.cpp" />
  </ItemGroup>
  <ItemGroup>
    <CLInclude Include="resource.h">
      <Filter>Resource Files</Filter>
    </CLInclude>
    <ClInclude Include="stdafx.h" />
    <ClInclude Include="Game.h" />
    <ClInclude Include="Fade.h" />
    <ClInclude Include="Title.h" />
    <ClInclude Include="Test.h" />
    <ClInclude Include="NPC.h" />
    <ClInclude Include="Background.h" />
    <ClInclude Include="Player.h" />
    <ClInclude Include="GameCamera.h" />
    <ClInclude Include="Level.h" />
    <ClInclude Include="MapChip.h" />
    <ClInclude Include="GameClear.h" />
    <ClInclude Include="StageSeni.h" />
    <ClInclude Include="NpcMove.h" />
  </ItemGroup>
  <ItemGroup>
    <ResourceCompile Include="Game.rc">
      <Filter>Resource Files</Filter>
    </ResourceCompile>
  </ItemGroup>
  <ItemGroup>
    <MeshContentTask Include="Assets\modelData\unityChan.fbx">
      <Filter>Assets\modelData</Filter>
    </MeshContentTask>
    <MeshContentTask Include="Assets\modelData\zimen2.FBX">
      <Filter>Assets\modelData</Filter>
    </MeshContentTask>
    <MeshContentTask Include="Assets\modelData\yatai.FBX">
      <Filter>Assets\modelData</Filter>
    </MeshContentTask>
    <MeshContentTask Include="Assets\modelData\karisute3.FBX">
      <Filter>Assets\modelData</Filter>
    </MeshContentTask>
    <MeshContentTask Include="Assets\modelData\karisute2.FBX">
      <Filter>Assets\modelData</Filter>
    </MeshContentTask>
    <MeshContentTask Include="Assets\modelData\zimen3.FBX">
      <Filter>Assets\modelData</Filter>
    </MeshContentTask>
  </ItemGroup>
  <ItemGroup>
    <CustomBuild Include="Assets\shader\tonemap.fx">
      <Filter>Assets\shader</Filter>
    </CustomBuild>
    <CustomBuild Include="Assets\shader\bloom.fx">
      <Filter>Assets\shader</Filter>
    </CustomBuild>
    <CustomBuild Include="Assets\shader\copy.fx">
      <Filter>Assets\shader</Filter>
    </CustomBuild>
    <CustomBuild Include="Assets\shader\fxaa.fx">
      <Filter>Assets\shader</Filter>
    </CustomBuild>
    <CustomBuild Include="Assets\shader\LightCulling.fx">
      <Filter>Assets\shader</Filter>
    </CustomBuild>
    <CustomBuild Include="Assets\shader\model.fx">
      <Filter>Assets\shader</Filter>
    </CustomBuild>
    <CustomBuild Include="Assets\shader\modelCB.h">
      <Filter>Assets\shader</Filter>
    </CustomBuild>
    <CustomBuild Include="Assets\shader\modelSRV.h">
      <Filter>Assets\shader</Filter>
    </CustomBuild>
    <CustomBuild Include="Assets\shader\modelStruct.h">
      <Filter>Assets\shader</Filter>
    </CustomBuild>
    <CustomBuild Include="Assets\shader\sampleBRDF.h">
      <Filter>Assets\shader</Filter>
    </CustomBuild>
    <CustomBuild Include="Assets\shader\sprite.fx">
      <Filter>Assets\shader</Filter>
    </CustomBuild>
    <CustomBuild Include="Assets\shader\LightingFunction.h">
      <Filter>Assets\shader</Filter>
    </CustomBuild>
    <CustomBuild Include="Assets\modelData\unityChan.tks">
      <Filter>Assets\modelData</Filter>
    </CustomBuild>
    <CustomBuild Include="Assets\shader\dithering.fx">
      <Filter>Assets\shader</Filter>
    </CustomBuild>
    <CustomBuild Include="Assets\font\myfile.spritefont">
      <Filter>Assets\font</Filter>
    </CustomBuild>
    <CustomBuild Include="Assets\shader\shadowBlur.fx">
      <Filter>Assets\shader</Filter>
    </CustomBuild>
    <CustomBuild Include="Assets\effect\test.efk">
      <Filter>Assets\effect</Filter>
    </CustomBuild>
    <CustomBuild Include="Assets\effect\Texture\Burst01.png">
      <Filter>Assets\effect\Texture</Filter>
    </CustomBuild>
    <CustomBuild Include="Assets\effect\Texture\Cloud01.png">
      <Filter>Assets\effect\Texture</Filter>
    </CustomBuild>
    <CustomBuild Include="Assets\effect\Texture\Flame01.png">
      <Filter>Assets\effect\Texture</Filter>
    </CustomBuild>
    <CustomBuild Include="Assets\effect\Texture\LaserMain01.png">
      <Filter>Assets\effect\Texture</Filter>
    </CustomBuild>
    <CustomBuild Include="Assets\effect\Texture\LaserMain02.png">
      <Filter>Assets\effect\Texture</Filter>
    </CustomBuild>
    <CustomBuild Include="Assets\effect\Texture\Particle01.png">
      <Filter>Assets\effect\Texture</Filter>
    </CustomBuild>
    <CustomBuild Include="Assets\effect\Texture\Particle03.png">
      <Filter>Assets\effect\Texture</Filter>
    </CustomBuild>
    <CustomBuild Include="Assets\effect\Texture\Particle02.png">
      <Filter>Assets\effect\Texture</Filter>
    </CustomBuild>
    <CustomBuild Include="Assets\effect\Texture\Particle04_bokashi_hard.png">
      <Filter>Assets\effect\Texture</Filter>
    </CustomBuild>
    <CustomBuild Include="Assets\effect\Texture\Particle04_bokashi_soft.png">
      <Filter>Assets\effect\Texture</Filter>
    </CustomBuild>
    <CustomBuild Include="Assets\effect\Texture\Particle04_bokashistrong_hard.png">
      <Filter>Assets\effect\Texture</Filter>
    </CustomBuild>
    <CustomBuild Include="Assets\effect\Texture\Particle04_bokashistrong_soft.png">
      <Filter>Assets\effect\Texture</Filter>
    </CustomBuild>
    <CustomBuild Include="Assets\effect\Texture\Particle04_clear_hard.png">
      <Filter>Assets\effect\Texture</Filter>
    </CustomBuild>
    <CustomBuild Include="Assets\effect\Texture\Particle04_clear_soft.png">
      <Filter>Assets\effect\Texture</Filter>
    </CustomBuild>
    <CustomBuild Include="Assets\effect\Texture\Splash01.png">
      <Filter>Assets\effect\Texture</Filter>
    </CustomBuild>
    <CustomBuild Include="Assets\effect\Texture\SwordLine01.png">
      <Filter>Assets\effect\Texture</Filter>
    </CustomBuild>
    <CustomBuild Include="Assets\effect\Texture\Thunder01.png">
      <Filter>Assets\effect\Texture</Filter>
    </CustomBuild>
    <CustomBuild Include="Assets\effect\Texture\Wind01.png">
      <Filter>Assets\effect\Texture</Filter>
    </CustomBuild>
    <CustomBuild Include="Assets\effect\Texture\wind02.png">
      <Filter>Assets\effect\Texture</Filter>
    </CustomBuild>
    <CustomBuild Include="Assets\effect\hanabi.efk" />
    <CustomBuild Include="Assets\level\map.tks">
      <Filter>Assets\level</Filter>
    </CustomBuild>
    <CustomBuild Include="Assets\level\map2.tks">
      <Filter>Assets\level</Filter>
    </CustomBuild>
    <CustomBuild Include="Assets\modelData\NPCLoc.tks">
      <Filter>Assets\modelData</Filter>
    </CustomBuild>
  </ItemGroup>
  <ItemGroup>
    <ImageContentTask Include="Assets\sprite\fade.png">
      <Filter>Assets\sprite</Filter>
    </ImageContentTask>
    <ImageContentTask Include="Assets\sprite\title.png">
      <Filter>Assets\sprite</Filter>
    </ImageContentTask>
    <ImageContentTask Include="Assets\sprite\HumanGroup.png">
      <Filter>Assets\sprite</Filter>
    </ImageContentTask>
  </ItemGroup>
</Project>